
Microsoft Visual Studio Solution File, Format Version 12.00
# Visual Studio Version 16
VisualStudioVersion = 16.0.29806.167
MinimumVisualStudioVersion = 10.0.40219.1
Project("{FAE04EC0-301F-11D3-BF4B-00C04F79EFBC}") = "PhoneNumber", "PhoneNumber\PhoneNumber.csproj", "{86FFADB3-3D46-45AD-B1F8-C5DCF8D9A47E}"
EndProject
Global
	GlobalSection(SolutionConfigurationPlatforms) = preSolution
		Debug|Any CPU = Debug|Any CPU
		Release|Any CPU = Release|Any CPU
	EndGlobalSection
	GlobalSection(ProjectConfigurationPlatforms) = postSolution
		{86FFADB3-3D46-45AD-B1F8-C5DCF8D9A47E}.Debug|Any CPU.ActiveCfg = Debug|Any CPU
		{86FFADB3-3D46-45AD-B1F8-C5DCF8D9A47E}.Debug|Any CPU.Build.0 = Debug|Any CPU
		{86FFADB3-3D46-45AD-B1F8-C5DCF8D9A47E}.Release|Any CPU.ActiveCfg = Release|Any CPU
		{86FFADB3-3D46-45AD-B1F8-C5DCF8D9A47E}.Release|Any CPU.Build.0 = Release|Any CPU
	EndGlobalSection
	GlobalSection(SolutionProperties) = preSolution
		HideSolutionNode = FALSE
	EndGlobalSection
	GlobalSection(ExtensibilityGlobals) = postSolution
		SolutionGuid = {B25A9D91-7202-4400-AEE5-71A855E8B774}
	EndGlobalSection
EndGlobal
